
Microsoft Visual Studio Solution File, Format Version 12.00
# Visual Studio Version 16
VisualStudioVersion = 16.0.30611.23
MinimumVisualStudioVersion = 10.0.40219.1
Project("{9A19103F-16F7-4668-BE54-9A1E7A4F7556}") = "Facturacion.Web", "Facturacion.Web\Facturacion.Web.csproj", "{8DDEA1D4-0951-4303-9A69-E9962E4753C8}"
EndProject
Project("{FAE04EC0-301F-11D3-BF4B-00C04F79EFBC}") = "Facturacion.Entities", "Facturacion.Entities\Facturacion.Entities.csproj", "{A6A44294-163D-4EFF-9E27-365937F5B343}"
EndProject
Project("{9A19103F-16F7-4668-BE54-9A1E7A4F7556}") = "Facturacion.Repository", "Facturacion.Repository\Facturacion.Repository.csproj", "{9986DE95-9985-462C-835B-3F07034E3265}"
EndProject
Project("{FAE04EC0-301F-11D3-BF4B-00C04F79EFBC}") = "Facturacion.Utils", "Facturacion.Utils\Facturacion.Utils.csproj", "{B782516E-1155-4545-AE65-2F3C93066CF1}"
EndProject
Project("{FAE04EC0-301F-11D3-BF4B-00C04F79EFBC}") = "Facturacion.Service", "Facturacion.Service\Facturacion.Service.csproj", "{81B139E6-D487-407B-B038-6317D2DD47C7}"
EndProject
Global
	GlobalSection(SolutionConfigurationPlatforms) = preSolution
		Debug|Any CPU = Debug|Any CPU
		Release|Any CPU = Release|Any CPU
	EndGlobalSection
	GlobalSection(ProjectConfigurationPlatforms) = postSolution
		{8DDEA1D4-0951-4303-9A69-E9962E4753C8}.Debug|Any CPU.ActiveCfg = Debug|Any CPU
		{8DDEA1D4-0951-4303-9A69-E9962E4753C8}.Debug|Any CPU.Build.0 = Debug|Any CPU
		{8DDEA1D4-0951-4303-9A69-E9962E4753C8}.Release|Any CPU.ActiveCfg = Release|Any CPU
		{8DDEA1D4-0951-4303-9A69-E9962E4753C8}.Release|Any CPU.Build.0 = Release|Any CPU
		{A6A44294-163D-4EFF-9E27-365937F5B343}.Debug|Any CPU.ActiveCfg = Debug|Any CPU
		{A6A44294-163D-4EFF-9E27-365937F5B343}.Debug|Any CPU.Build.0 = Debug|Any CPU
		{A6A44294-163D-4EFF-9E27-365937F5B343}.Release|Any CPU.ActiveCfg = Release|Any CPU
		{A6A44294-163D-4EFF-9E27-365937F5B343}.Release|Any CPU.Build.0 = Release|Any CPU
		{9986DE95-9985-462C-835B-3F07034E3265}.Debug|Any CPU.ActiveCfg = Debug|Any CPU
		{9986DE95-9985-462C-835B-3F07034E3265}.Debug|Any CPU.Build.0 = Debug|Any CPU
		{9986DE95-9985-462C-835B-3F07034E3265}.Release|Any CPU.ActiveCfg = Release|Any CPU
		{9986DE95-9985-462C-835B-3F07034E3265}.Release|Any CPU.Build.0 = Release|Any CPU
		{B782516E-1155-4545-AE65-2F3C93066CF1}.Debug|Any CPU.ActiveCfg = Debug|Any CPU
		{B782516E-1155-4545-AE65-2F3C93066CF1}.Debug|Any CPU.Build.0 = Debug|Any CPU
		{B782516E-1155-4545-AE65-2F3C93066CF1}.Release|Any CPU.ActiveCfg = Release|Any CPU
		{B782516E-1155-4545-AE65-2F3C93066CF1}.Release|Any CPU.Build.0 = Release|Any CPU
		{81B139E6-D487-407B-B038-6317D2DD47C7}.Debug|Any CPU.ActiveCfg = Debug|Any CPU
		{81B139E6-D487-407B-B038-6317D2DD47C7}.Debug|Any CPU.Build.0 = Debug|Any CPU
		{81B139E6-D487-407B-B038-6317D2DD47C7}.Release|Any CPU.ActiveCfg = Release|Any CPU
		{81B139E6-D487-407B-B038-6317D2DD47C7}.Release|Any CPU.Build.0 = Release|Any CPU
	EndGlobalSection
	GlobalSection(SolutionProperties) = preSolution
		HideSolutionNode = FALSE
	EndGlobalSection
	GlobalSection(ExtensibilityGlobals) = postSolution
		SolutionGuid = {EC51A23F-A410-4F7A-AF14-3BEA3526B10A}
	EndGlobalSection
EndGlobal
